
Microsoft Visual Studio Solution File, Format Version 12.00
# Visual Studio Version 17
VisualStudioVersion = 17.1.32328.378
MinimumVisualStudioVersion = 10.0.40219.1
Project("{9A19103F-16F7-4668-BE54-9A1E7A4F7556}") = "Plantme", "Plantme\Plantme.csproj", "{AAD1D591-2998-4453-B3EC-4E765EF6B4AA}"
EndProject
Project("{FAE04EC0-301F-11D3-BF4B-00C04F79EFBC}") = "PlantMe-Tests", "PlantMe-Tests\PlantMe-Tests.csproj", "{0DBFE20C-9309-4C3D-B964-B49D0D162974}"
EndProject
Global
	GlobalSection(SolutionConfigurationPlatforms) = preSolution
		Debug|Any CPU = Debug|Any CPU
		Release|Any CPU = Release|Any CPU
	EndGlobalSection
	GlobalSection(ProjectConfigurationPlatforms) = postSolution
		{AAD1D591-2998-4453-B3EC-4E765EF6B4AA}.Debug|Any CPU.ActiveCfg = Debug|Any CPU
		{AAD1D591-2998-4453-B3EC-4E765EF6B4AA}.Debug|Any CPU.Build.0 = Debug|Any CPU
		{AAD1D591-2998-4453-B3EC-4E765EF6B4AA}.Release|Any CPU.ActiveCfg = Release|Any CPU
		{AAD1D591-2998-4453-B3EC-4E765EF6B4AA}.Release|Any CPU.Build.0 = Release|Any CPU
		{0DBFE20C-9309-4C3D-B964-B49D0D162974}.Debug|Any CPU.ActiveCfg = Debug|Any CPU
		{0DBFE20C-9309-4C3D-B964-B49D0D162974}.Debug|Any CPU.Build.0 = Debug|Any CPU
		{0DBFE20C-9309-4C3D-B964-B49D0D162974}.Release|Any CPU.ActiveCfg = Release|Any CPU
		{0DBFE20C-9309-4C3D-B964-B49D0D162974}.Release|Any CPU.Build.0 = Release|Any CPU
	EndGlobalSection
	GlobalSection(SolutionProperties) = preSolution
		HideSolutionNode = FALSE
	EndGlobalSection
	GlobalSection(ExtensibilityGlobals) = postSolution
		SolutionGuid = {43218B49-9352-4965-A799-B9A8B373DDF4}
	EndGlobalSection
EndGlobal
